
Microsoft Visual Studio Solution File, Format Version 12.00
# Visual Studio Version 16
VisualStudioVersion = 16.0.29521.150
MinimumVisualStudioVersion = 10.0.40219.1
Project("{FAE04EC0-301F-11D3-BF4B-00C04F79EFBC}") = "SVG_poc", "SVG_poc.csproj", "{76BA95C1-C07F-4B4D-AB6E-11B1330D23EC}"
EndProject
Global
	GlobalSection(SolutionConfigurationPlatforms) = preSolution
		Debug|Any CPU = Debug|Any CPU
		Release|Any CPU = Release|Any CPU
	EndGlobalSection
	GlobalSection(ProjectConfigurationPlatforms) = postSolution
		{76BA95C1-C07F-4B4D-AB6E-11B1330D23EC}.Debug|Any CPU.ActiveCfg = Debug|Any CPU
		{76BA95C1-C07F-4B4D-AB6E-11B1330D23EC}.Debug|Any CPU.Build.0 = Debug|Any CPU
		{76BA95C1-C07F-4B4D-AB6E-11B1330D23EC}.Release|Any CPU.ActiveCfg = Release|Any CPU
		{76BA95C1-C07F-4B4D-AB6E-11B1330D23EC}.Release|Any CPU.Build.0 = Release|Any CPU
	EndGlobalSection
	GlobalSection(SolutionProperties) = preSolution
		HideSolutionNode = FALSE
	EndGlobalSection
	GlobalSection(ExtensibilityGlobals) = postSolution
		SolutionGuid = {5637482D-A9BC-40EC-839B-BF6AE7D0A590}
	EndGlobalSection
EndGlobal
